
Microsoft Visual Studio Solution File, Format Version 12.00
# Visual Studio Version 16
VisualStudioVersion = 16.0.31005.135
MinimumVisualStudioVersion = 10.0.40219.1
Project("{FAE04EC0-301F-11D3-BF4B-00C04F79EFBC}") = "SE-Garage", "SE-Garage\SE-Garage.csproj", "{6C83875B-7AEE-4433-A809-E6D9FAEC3378}"
EndProject
Global
	GlobalSection(SolutionConfigurationPlatforms) = preSolution
		Debug|Any CPU = Debug|Any CPU
		Release|Any CPU = Release|Any CPU
	EndGlobalSection
	GlobalSection(ProjectConfigurationPlatforms) = postSolution
		{6C83875B-7AEE-4433-A809-E6D9FAEC3378}.Debug|Any CPU.ActiveCfg = Debug|Any CPU
		{6C83875B-7AEE-4433-A809-E6D9FAEC3378}.Debug|Any CPU.Build.0 = Debug|Any CPU
		{6C83875B-7AEE-4433-A809-E6D9FAEC3378}.Release|Any CPU.ActiveCfg = Release|Any CPU
		{6C83875B-7AEE-4433-A809-E6D9FAEC3378}.Release|Any CPU.Build.0 = Release|Any CPU
	EndGlobalSection
	GlobalSection(SolutionProperties) = preSolution
		HideSolutionNode = FALSE
	EndGlobalSection
	GlobalSection(ExtensibilityGlobals) = postSolution
		SolutionGuid = {2B71E878-77D0-4C4F-B727-AE6E76451FA5}
	EndGlobalSection
EndGlobal
